
Microsoft Visual Studio Solution File, Format Version 12.00
# Visual Studio Version 17
VisualStudioVersion = 17.1.32319.34
MinimumVisualStudioVersion = 10.0.40219.1
Project("{FAE04EC0-301F-11D3-BF4B-00C04F79EFBC}") = "JwtAuth.Server", "JwtAuth\Server\JwtAuth.Server.csproj", "{FEC80C80-DB0B-4623-A26C-573FAE0109F2}"
EndProject
Project("{FAE04EC0-301F-11D3-BF4B-00C04F79EFBC}") = "JwtAuth.Client", "JwtAuth\Client\JwtAuth.Client.csproj", "{8643541C-7232-4DD0-AF84-CDE310CA49A9}"
EndProject
Project("{FAE04EC0-301F-11D3-BF4B-00C04F79EFBC}") = "JwtAuth.Shared", "JwtAuth\Shared\JwtAuth.Shared.csproj", "{C7DFA184-311A-4807-B8E9-CD91E395DB33}"
EndProject
Global
	GlobalSection(SolutionConfigurationPlatforms) = preSolution
		Debug|Any CPU = Debug|Any CPU
		Release|Any CPU = Release|Any CPU
	EndGlobalSection
	GlobalSection(ProjectConfigurationPlatforms) = postSolution
		{FEC80C80-DB0B-4623-A26C-573FAE0109F2}.Debug|Any CPU.ActiveCfg = Debug|Any CPU
		{FEC80C80-DB0B-4623-A26C-573FAE0109F2}.Debug|Any CPU.Build.0 = Debug|Any CPU
		{FEC80C80-DB0B-4623-A26C-573FAE0109F2}.Release|Any CPU.ActiveCfg = Release|Any CPU
		{FEC80C80-DB0B-4623-A26C-573FAE0109F2}.Release|Any CPU.Build.0 = Release|Any CPU
		{8643541C-7232-4DD0-AF84-CDE310CA49A9}.Debug|Any CPU.ActiveCfg = Debug|Any CPU
		{8643541C-7232-4DD0-AF84-CDE310CA49A9}.Debug|Any CPU.Build.0 = Debug|Any CPU
		{8643541C-7232-4DD0-AF84-CDE310CA49A9}.Release|Any CPU.ActiveCfg = Release|Any CPU
		{8643541C-7232-4DD0-AF84-CDE310CA49A9}.Release|Any CPU.Build.0 = Release|Any CPU
		{C7DFA184-311A-4807-B8E9-CD91E395DB33}.Debug|Any CPU.ActiveCfg = Debug|Any CPU
		{C7DFA184-311A-4807-B8E9-CD91E395DB33}.Debug|Any CPU.Build.0 = Debug|Any CPU
		{C7DFA184-311A-4807-B8E9-CD91E395DB33}.Release|Any CPU.ActiveCfg = Release|Any CPU
		{C7DFA184-311A-4807-B8E9-CD91E395DB33}.Release|Any CPU.Build.0 = Release|Any CPU
	EndGlobalSection
	GlobalSection(SolutionProperties) = preSolution
		HideSolutionNode = FALSE
	EndGlobalSection
	GlobalSection(ExtensibilityGlobals) = postSolution
		SolutionGuid = {C5516255-5ECB-40D8-89A3-59CEF21BB096}
	EndGlobalSection
EndGlobal
